
Microsoft Visual Studio Solution File, Format Version 12.00
# Visual Studio Version 16
VisualStudioVersion = 16.0.31105.61
MinimumVisualStudioVersion = 10.0.40219.1
Project("{8BC9CEB8-8B4A-11D0-8D11-00A0C91BC942}") = "Aspubicusenecustici", "Aspubicusenecustici\Aspubicusenecustici.vcxproj", "{C5407391-FE13-4A47-9469-7FD91D57C821}"
EndProject
Global
	GlobalSection(SolutionConfigurationPlatforms) = preSolution
		Debug|x64 = Debug|x64
		Debug|x86 = Debug|x86
		Release|x64 = Release|x64
		Release|x86 = Release|x86
	EndGlobalSection
	GlobalSection(ProjectConfigurationPlatforms) = postSolution
		{C5407391-FE13-4A47-9469-7FD91D57C821}.Debug|x64.ActiveCfg = Debug|x64
		{C5407391-FE13-4A47-9469-7FD91D57C821}.Debug|x64.Build.0 = Debug|x64
		{C5407391-FE13-4A47-9469-7FD91D57C821}.Debug|x86.ActiveCfg = Debug|Win32
		{C5407391-FE13-4A47-9469-7FD91D57C821}.Debug|x86.Build.0 = Debug|Win32
		{C5407391-FE13-4A47-9469-7FD91D57C821}.Release|x64.ActiveCfg = Release|x64
		{C5407391-FE13-4A47-9469-7FD91D57C821}.Release|x64.Build.0 = Release|x64
		{C5407391-FE13-4A47-9469-7FD91D57C821}.Release|x86.ActiveCfg = Release|Win32
		{C5407391-FE13-4A47-9469-7FD91D57C821}.Release|x86.Build.0 = Release|Win32
	EndGlobalSection
	GlobalSection(SolutionProperties) = preSolution
		HideSolutionNode = FALSE
	EndGlobalSection
	GlobalSection(ExtensibilityGlobals) = postSolution
		SolutionGuid = {0FF3A206-44AB-4018-B8B8-C0960128CB6F}
	EndGlobalSection
EndGlobal
